# This file is automatically @generated by Cargo.
# It is not intended for manual editing.
version = 4

[[package]]
name = "relayburn-analyze"
version = "0.0.0"

[[package]]
name = "relayburn-cli"
version = "0.0.0"

[[package]]
name = "relayburn-ingest"
version = "0.0.0"

[[package]]
name = "relayburn-ledger"
version = "0.0.0"

[[package]]
name = "relayburn-reader"
version = "0.0.0"

[[package]]
name = "relayburn-sdk"
version = "0.0.0"

[[package]]
name = "relayburn-sdk-node"
version = "0.0.0"
